
Microsoft Visual Studio Solution File, Format Version 12.00
# Visual Studio Version 17
VisualStudioVersion = 17.14.36429.23 d17.14
MinimumVisualStudioVersion = 10.0.40219.1
Project("{FAE04EC0-301F-11D3-BF4B-00C04F79EFBC}") = "Joker", "Joker\Joker.csproj", "{26125D8D-EBFA-4940-89E2-BB3C908CFC19}"
EndProject
Global
	GlobalSection(SolutionConfigurationPlatforms) = preSolution
		Debug|Any CPU = Debug|Any CPU
		Release|Any CPU = Release|Any CPU
	EndGlobalSection
	GlobalSection(ProjectConfigurationPlatforms) = postSolution
		{26125D8D-EBFA-4940-89E2-BB3C908CFC19}.Debug|Any CPU.ActiveCfg = Debug|Any CPU
		{26125D8D-EBFA-4940-89E2-BB3C908CFC19}.Debug|Any CPU.Build.0 = Debug|Any CPU
		{26125D8D-EBFA-4940-89E2-BB3C908CFC19}.Release|Any CPU.ActiveCfg = Release|Any CPU
		{26125D8D-EBFA-4940-89E2-BB3C908CFC19}.Release|Any CPU.Build.0 = Release|Any CPU
	EndGlobalSection
	GlobalSection(SolutionProperties) = preSolution
		HideSolutionNode = FALSE
	EndGlobalSection
	GlobalSection(ExtensibilityGlobals) = postSolution
		SolutionGuid = {46BC3A2D-FF8B-4C16-A69C-F0146CBAE43B}
	EndGlobalSection
EndGlobal
